// !$*UTF8*$!
{
	archiveVersion = 1;
	classes = {
	};
	objectVersion = 50;
	objects = {

/* Begin PBXBuildFile section */
		5904723821184158003417C0 /* AppDelegate.swift in Sources */ = {isa = PBXBuildFile; fileRef = 5904723721184158003417C0 /* AppDelegate.swift */; };
		5904723A21184158003417C0 /* HomeVC.swift in Sources */ = {isa = PBXBuildFile; fileRef = 5904723921184158003417C0 /* HomeVC.swift */; };
		5904723D21184158003417C0 /* Main.storyboard in Resources */ = {isa = PBXBuildFile; fileRef = 5904723B21184158003417C0 /* Main.storyboard */; };
		5904723F21184159003417C0 /* Assets.xcassets in Resources */ = {isa = PBXBuildFile; fileRef = 5904723E21184159003417C0 /* Assets.xcassets */; };
		5904724221184159003417C0 /* LaunchScreen.storyboard in Resources */ = {isa = PBXBuildFile; fileRef = 5904724021184159003417C0 /* LaunchScreen.storyboard */; };
		590472512118419B003417C0 /* GravityVC.swift in Sources */ = {isa = PBXBuildFile; fileRef = 590472502118419B003417C0 /* GravityVC.swift */; };
		59047253211841A2003417C0 /* PushVC.swift in Sources */ = {isa = PBXBuildFile; fileRef = 59047252211841A2003417C0 /* PushVC.swift */; };
		59047255211841AB003417C0 /* CollisionVC.swift in Sources */ = {isa = PBXBuildFile; fileRef = 59047254211841AB003417C0 /* CollisionVC.swift */; };
		59047257211841B8003417C0 /* SnapVC.swift in Sources */ = {isa = PBXBuildFile; fileRef = 59047256211841B8003417C0 /* SnapVC.swift */; };
		59047259211841C3003417C0 /* AttachmentVC.swift in Sources */ = {isa = PBXBuildFile; fileRef = 59047258211841C3003417C0 /* AttachmentVC.swift */; };
/* End PBXBuildFile section */

/* Begin PBXFileReference section */
		5904723421184158003417C0 /* UIDynamics.app */ = {isa = PBXFileReference; explicitFileType = wrapper.application; includeInIndex = 0; path = UIDynamics.app; sourceTree = BUILT_PRODUCTS_DIR; };
		5904723721184158003417C0 /* AppDelegate.swift */ = {isa = PBXFileReference; lastKnownFileType = sourcecode.swift; path = AppDelegate.swift; sourceTree = "<group>"; };
		5904723921184158003417C0 /* HomeVC.swift */ = {isa = PBXFileReference; lastKnownFileType = sourcecode.swift; path = HomeVC.swift; sourceTree = "<group>"; };
		5904723C21184158003417C0 /* Base */ = {isa = PBXFileReference; lastKnownFileType = file.storyboard; name = Base; path = Base.lproj/Main.storyboard; sourceTree = "<group>"; };
		5904723E21184159003417C0 /* Assets.xcassets */ = {isa = PBXFileReference; lastKnownFileType = folder.assetcatalog; path = Assets.xcassets; sourceTree = "<group>"; };
		5904724121184159003417C0 /* Base */ = {isa = PBXFileReference; lastKnownFileType = file.storyboard; name = Base; path = Base.lproj/LaunchScreen.storyboard; sourceTree = "<group>"; };
		5904724321184159003417C0 /* Info.plist */ = {isa = PBXFileReference; lastKnownFileType = text.plist.xml; path = Info.plist; sourceTree = "<group>"; };
		590472502118419B003417C0 /* GravityVC.swift */ = {isa = PBXFileReference; lastKnownFileType = sourcecode.swift; path = GravityVC.swift; sourceTree = "<group>"; };
		59047252211841A2003417C0 /* PushVC.swift */ = {isa = PBXFileReference; lastKnownFileType = sourcecode.swift; path = PushVC.swift; sourceTree = "<group>"; };
		59047254211841AB003417C0 /* CollisionVC.swift */ = {isa = PBXFileReference; lastKnownFileType = sourcecode.swift; path = CollisionVC.swift; sourceTree = "<group>"; };
		59047256211841B8003417C0 /* SnapVC.swift */ = {isa = PBXFileReference; lastKnownFileType = sourcecode.swift; path = SnapVC.swift; sourceTree = "<group>"; };
		59047258211841C3003417C0 /* AttachmentVC.swift */ = {isa = PBXFileReference; lastKnownFileType = sourcecode.swift; path = AttachmentVC.swift; sourceTree = "<group>"; };
/* End PBXFileReference section */

/* Begin PBXFrameworksBuildPhase section */
		5904723121184158003417C0 /* Frameworks */ = {
			isa = PBXFrameworksBuildPhase;
			buildActionMask = 2147483647;
			files = (
			);
			runOnlyForDeploymentPostprocessing = 0;
		};
/* End PBXFrameworksBuildPhase section */

/* Begin PBXGroup section */
		5904722B21184158003417C0 = {
			isa = PBXGroup;
			children = (
				5904723621184158003417C0 /* UIDynamics */,
				5904723521184158003417C0 /* Products */,
			);
			sourceTree = "<group>";
		};
		5904723521184158003417C0 /* Products */ = {
			isa = PBXGroup;
			children = (
				5904723421184158003417C0 /* UIDynamics.app */,
			);
			name = Products;
			sourceTree = "<group>";
		};
		5904723621184158003417C0 /* UIDynamics */ = {
			isa = PBXGroup;
			children = (
				590472492118416C003417C0 /* Assets */,
				5904724E2118416D003417C0 /* Storyboard */,
				5904724F2118416D003417C0 /* Classes */,
				5904724321184159003417C0 /* Info.plist */,
			);
			path = UIDynamics;
			sourceTree = "<group>";
		};
		590472492118416C003417C0 /* Assets */ = {
			isa = PBXGroup;
			children = (
				5904723E21184159003417C0 /* Assets.xcassets */,
			);
			path = Assets;
			sourceTree = "<group>";
		};
		5904724E2118416D003417C0 /* Storyboard */ = {
			isa = PBXGroup;
			children = (
				5904723B21184158003417C0 /* Main.storyboard */,
				5904724021184159003417C0 /* LaunchScreen.storyboard */,
			);
			path = Storyboard;
			sourceTree = "<group>";
		};
		5904724F2118416D003417C0 /* Classes */ = {
			isa = PBXGroup;
			children = (
				5904723721184158003417C0 /* AppDelegate.swift */,
				5904723921184158003417C0 /* HomeVC.swift */,
				590472502118419B003417C0 /* GravityVC.swift */,
				59047252211841A2003417C0 /* PushVC.swift */,
				59047254211841AB003417C0 /* CollisionVC.swift */,
				59047256211841B8003417C0 /* SnapVC.swift */,
				59047258211841C3003417C0 /* AttachmentVC.swift */,
			);
			path = Classes;
			sourceTree = "<group>";
		};
/* End PBXGroup section */

/* Begin PBXNativeTarget section */
		5904723321184158003417C0 /* UIDynamics */ = {
			isa = PBXNativeTarget;
			buildConfigurationList = 5904724621184159003417C0 /* Build configuration list for PBXNativeTarget "UIDynamics" */;
			buildPhases = (
				5904723021184158003417C0 /* Sources */,
				5904723121184158003417C0 /* Frameworks */,
				5904723221184158003417C0 /* Resources */,
			);
			buildRules = (
			);
			dependencies = (
			);
			name = UIDynamics;
			productName = UIDynamics;
			productReference = 5904723421184158003417C0 /* UIDynamics.app */;
			productType = "com.apple.product-type.application";
		};
/* End PBXNativeTarget section */

/* Begin PBXProject section */
		5904722C21184158003417C0 /* Project object */ = {
			isa = PBXProject;
			attributes = {
				LastSwiftUpdateCheck = 0940;
				LastUpgradeCheck = 0940;
				ORGANIZATIONNAME = "Yudiz Solutions";
				TargetAttributes = {
					5904723321184158003417C0 = {
						CreatedOnToolsVersion = 9.4;
					};
				};
			};
			buildConfigurationList = 5904722F21184158003417C0 /* Build configuration list for PBXProject "UIDynamics" */;
			compatibilityVersion = "Xcode 9.3";
			developmentRegion = en;
			hasScannedForEncodings = 0;
			knownRegions = (
				en,
				Base,
			);
			mainGroup = 5904722B21184158003417C0;
			productRefGroup = 5904723521184158003417C0 /* Products */;
			projectDirPath = "";
			projectRoot = "";
			targets = (
				5904723321184158003417C0 /* UIDynamics */,
			);
		};
/* End PBXProject section */

/* Begin PBXResourcesBuildPhase section */
		5904723221184158003417C0 /* Resources */ = {
			isa = PBXResourcesBuildPhase;
			buildActionMask = 2147483647;
			files = (
				5904724221184159003417C0 /* LaunchScreen.storyboard in Resources */,
				5904723F21184159003417C0 /* Assets.xcassets in Resources */,
				5904723D21184158003417C0 /* Main.storyboard in Resources */,
			);
			runOnlyForDeploymentPostprocessing = 0;
		};
/* End PBXResourcesBuildPhase section */

/* Begin PBXSourcesBuildPhase section */
		5904723021184158003417C0 /* Sources */ = {
			isa = PBXSourcesBuildPhase;
			buildActionMask = 2147483647;
			files = (
				59047259211841C3003417C0 /* AttachmentVC.swift in Sources */,
				59047253211841A2003417C0 /* PushVC.swift in Sources */,
				590472512118419B003417C0 /* GravityVC.swift in Sources */,
				59047257211841B8003417C0 /* SnapVC.swift in Sources */,
				5904723A21184158003417C0 /* HomeVC.swift in Sources */,
				5904723821184158003417C0 /* AppDelegate.swift in Sources */,
				59047255211841AB003417C0 /* CollisionVC.swift in Sources */,
			);
			runOnlyForDeploymentPostprocessing = 0;
		};
/* End PBXSourcesBuildPhase section */

/* Begin PBXVariantGroup section */
		5904723B21184158003417C0 /* Main.storyboard */ = {
			isa = PBXVariantGroup;
			children = (
				5904723C21184158003417C0 /* Base */,
			);
			name = Main.storyboard;
			sourceTree = "<group>";
		};
		5904724021184159003417C0 /* LaunchScreen.storyboard */ = {
			isa = PBXVariantGroup;
			children = (
				5904724121184159003417C0 /* Base */,
			);
			name = LaunchScreen.storyboard;
			sourceTree = "<group>";
		};
/* End PBXVariantGroup section */

/* Begin XCBuildConfiguration section */
		5904724421184159003417C0 /* Debug */ = {
			isa = XCBuildConfiguration;
			buildSettings = {
				ALWAYS_SEARCH_USER_PATHS = NO;
				CLANG_ANALYZER_NONNULL = YES;
				CLANG_ANALYZER_NUMBER_OBJECT_CONVERSION = YES_AGGRESSIVE;
				CLANG_CXX_LANGUAGE_STANDARD = "gnu++14";
				CLANG_CXX_LIBRARY = "libc++";
				CLANG_ENABLE_MODULES = YES;
				CLANG_ENABLE_OBJC_ARC = YES;
				CLANG_ENABLE_OBJC_WEAK = YES;
				CLANG_WARN_BLOCK_CAPTURE_AUTORELEASING = YES;
				CLANG_WARN_BOOL_CONVERSION = YES;
				CLANG_WARN_COMMA = YES;
				CLANG_WARN_CONSTANT_CONVERSION = YES;
				CLANG_WARN_DEPRECATED_OBJC_IMPLEMENTATIONS = YES;
				CLANG_WARN_DIRECT_OBJC_ISA_USAGE = YES_ERROR;
				CLANG_WARN_DOCUMENTATION_COMMENTS = YES;
				CLANG_WARN_EMPTY_BODY = YES;
				CLANG_WARN_ENUM_CONVERSION = YES;
				CLANG_WARN_INFINITE_RECURSION = YES;
				CLANG_WARN_INT_CONVERSION = YES;
				CLANG_WARN_NON_LITERAL_NULL_CONVERSION = YES;
				CLANG_WARN_OBJC_IMPLICIT_RETAIN_SELF = YES;
				CLANG_WARN_OBJC_LITERAL_CONVERSION = YES;
				CLANG_WARN_OBJC_ROOT_CLASS = YES_ERROR;
				CLANG_WARN_RANGE_LOOP_ANALYSIS = YES;
				CLANG_WARN_STRICT_PROTOTYPES = YES;
				CLANG_WARN_SUSPICIOUS_MOVE = YES;
				CLANG_WARN_UNGUARDED_AVAILABILITY = YES_AGGRESSIVE;
				CLANG_WARN_UNREACHABLE_CODE = YES;
				CLANG_WARN__DUPLICATE_METHOD_MATCH = YES;
				CODE_SIGN_IDENTITY = "iPhone Developer";
				COPY_PHASE_STRIP = NO;
				DEBUG_INFORMATION_FORMAT = dwarf;
				ENABLE_STRICT_OBJC_MSGSEND = YES;
				ENABLE_TESTABILITY = YES;
				GCC_C_LANGUAGE_STANDARD = gnu11;
				GCC_DYNAMIC_NO_PIC = NO;
				GCC_NO_COMMON_BLOCKS = YES;
				GCC_OPTIMIZATION_LEVEL = 0;
				GCC_PREPROCESSOR_DEFINITIONS = (
					"DEBUG=1",
					"$(inherited)",
				);
				GCC_WARN_64_TO_32_BIT_CONVERSION = YES;
				GCC_WARN_ABOUT_RETURN_TYPE = YES_ERROR;
				GCC_WARN_UNDECLARED_SELECTOR = YES;
				GCC_WARN_UNINITIALIZED_AUTOS = YES_AGGRESSIVE;
				GCC_WARN_UNUSED_FUNCTION = YES;
				GCC_WARN_UNUSED_VARIABLE = YES;
				IPHONEOS_DEPLOYMENT_TARGET = 11.4;
				MTL_ENABLE_DEBUG_INFO = YES;
				ONLY_ACTIVE_ARCH = YES;
				SDKROOT = iphoneos;
				SWIFT_ACTIVE_COMPILATION_CONDITIONS = DEBUG;
				SWIFT_OPTIMIZATION_LEVEL = "-Onone";
			};
			name = Debug;
		};
		5904724521184159003417C0 /* Release */ = {
			isa = XCBuildConfiguration;
			buildSettings = {
				ALWAYS_SEARCH_USER_PATHS = NO;
				CLANG_ANALYZER_NONNULL = YES;
				CLANG_ANALYZER_NUMBER_OBJECT_CONVERSION = YES_AGGRESSIVE;
				CLANG_CXX_LANGUAGE_STANDARD = "gnu++14";
				CLANG_CXX_LIBRARY = "libc++";
				CLANG_ENABLE_MODULES = YES;
				CLANG_ENABLE_OBJC_ARC = YES;
				CLANG_ENABLE_OBJC_WEAK = YES;
				CLANG_WARN_BLOCK_CAPTURE_AUTORELEASING = YES;
				CLANG_WARN_BOOL_CONVERSION = YES;
				CLANG_WARN_COMMA = YES;
				CLANG_WARN_CONSTANT_CONVERSION = YES;
				CLANG_WARN_DEPRECATED_OBJC_IMPLEMENTATIONS = YES;
				CLANG_WARN_DIRECT_OBJC_ISA_USAGE = YES_ERROR;
				CLANG_WARN_DOCUMENTATION_COMMENTS = YES;
				CLANG_WARN_EMPTY_BODY = YES;
				CLANG_WARN_ENUM_CONVERSION = YES;
				CLANG_WARN_INFINITE_RECURSION = YES;
				CLANG_WARN_INT_CONVERSION = YES;
				CLANG_WARN_NON_LITERAL_NULL_CONVERSION = YES;
				CLANG_WARN_OBJC_IMPLICIT_RETAIN_SELF = YES;
				CLANG_WARN_OBJC_LITERAL_CONVERSION = YES;
				CLANG_WARN_OBJC_ROOT_CLASS = YES_ERROR;
				CLANG_WARN_RANGE_LOOP_ANALYSIS = YES;
				CLANG_WARN_STRICT_PROTOTYPES = YES;
				CLANG_WARN_SUSPICIOUS_MOVE = YES;
				CLANG_WARN_UNGUARDED_AVAILABILITY = YES_AGGRESSIVE;
				CLANG_WARN_UNREACHABLE_CODE = YES;
				CLANG_WARN__DUPLICATE_METHOD_MATCH = YES;
				CODE_SIGN_IDENTITY = "iPhone Developer";
				COPY_PHASE_STRIP = NO;
				DEBUG_INFORMATION_FORMAT = "dwarf-with-dsym";
				ENABLE_NS_ASSERTIONS = NO;
				ENABLE_STRICT_OBJC_MSGSEND = YES;
				GCC_C_LANGUAGE_STANDARD = gnu11;
				GCC_NO_COMMON_BLOCKS = YES;
				GCC_WARN_64_TO_32_BIT_CONVERSION = YES;
				GCC_WARN_ABOUT_RETURN_TYPE = YES_ERROR;
				GCC_WARN_UNDECLARED_SELECTOR = YES;
				GCC_WARN_UNINITIALIZED_AUTOS = YES_AGGRESSIVE;
				GCC_WARN_UNUSED_FUNCTION = YES;
				GCC_WARN_UNUSED_VARIABLE = YES;
				IPHONEOS_DEPLOYMENT_TARGET = 11.4;
				MTL_ENABLE_DEBUG_INFO = NO;
				SDKROOT = iphoneos;
				SWIFT_COMPILATION_MODE = wholemodule;
				SWIFT_OPTIMIZATION_LEVEL = "-O";
				VALIDATE_PRODUCT = YES;
			};
			name = Release;
		};
		5904724721184159003417C0 /* Debug */ = {
			isa = XCBuildConfiguration;
			buildSettings = {
				ASSETCATALOG_COMPILER_APPICON_NAME = AppIcon;
				CODE_SIGN_STYLE = Automatic;
				INFOPLIST_FILE = UIDynamics/Info.plist;
				LD_RUNPATH_SEARCH_PATHS = (
					"$(inherited)",
					"@executable_path/Frameworks",
				);
				PRODUCT_BUNDLE_IDENTIFIER = com.app.UIDynamics;
				PRODUCT_NAME = "$(TARGET_NAME)";
				SWIFT_VERSION = 4.0;
				TARGETED_DEVICE_FAMILY = "1,2";
			};
			name = Debug;
		};
		5904724821184159003417C0 /* Release */ = {
			isa = XCBuildConfiguration;
			buildSettings = {
				ASSETCATALOG_COMPILER_APPICON_NAME = AppIcon;
				CODE_SIGN_STYLE = Automatic;
				INFOPLIST_FILE = UIDynamics/Info.plist;
				LD_RUNPATH_SEARCH_PATHS = (
					"$(inherited)",
					"@executable_path/Frameworks",
				);
				PRODUCT_BUNDLE_IDENTIFIER = com.app.UIDynamics;
				PRODUCT_NAME = "$(TARGET_NAME)";
				SWIFT_VERSION = 4.0;
				TARGETED_DEVICE_FAMILY = "1,2";
			};
			name = Release;
		};
/* End XCBuildConfiguration section */

/* Begin XCConfigurationList section */
		5904722F21184158003417C0 /* Build configuration list for PBXProject "UIDynamics" */ = {
			isa = XCConfigurationList;
			buildConfigurations = (
				5904724421184159003417C0 /* Debug */,
				5904724521184159003417C0 /* Release */,
			);
			defaultConfigurationIsVisible = 0;
			defaultConfigurationName = Release;
		};
		5904724621184159003417C0 /* Build configuration list for PBXNativeTarget "UIDynamics" */ = {
			isa = XCConfigurationList;
			buildConfigurations = (
				5904724721184159003417C0 /* Debug */,
				5904724821184159003417C0 /* Release */,
			);
			defaultConfigurationIsVisible = 0;
			defaultConfigurationName = Release;
		};
/* End XCConfigurationList section */
	};
	rootObject = 5904722C21184158003417C0 /* Project object */;
}
